
Microsoft Visual Studio Solution File, Format Version 12.00
# Visual Studio Version 17
VisualStudioVersion = 17.6.33723.286
MinimumVisualStudioVersion = 10.0.40219.1
Project("{9A19103F-16F7-4668-BE54-9A1E7A4F7556}") = "Inspire.Erp.Web", "Inspire.Erp.Web\Inspire.Erp.Web.csproj", "{AED9D7FC-8AED-4E76-805C-13B3A96F44D5}"
EndProject
Project("{9A19103F-16F7-4668-BE54-9A1E7A4F7556}") = "Inspire.Erp.Infrastructure", "Inspire.Erp.Infrastructure\Inspire.Erp.Infrastructure.csproj", "{5F1D32B2-D2C5-44C4-86B3-A8AD96D6EC06}"
EndProject
Project("{9A19103F-16F7-4668-BE54-9A1E7A4F7556}") = "Inspire.Erp.Domain", "Inspire.Erp.Domain\Inspire.Erp.Domain.csproj", "{999A7153-7B55-4433-BC9A-9F63184EC3D4}"
EndProject
Project("{9A19103F-16F7-4668-BE54-9A1E7A4F7556}") = "Inspire.Erp.Application", "Inspire.Erp.Application\Inspire.Erp.Application.csproj", "{9B936940-2F21-4DA7-BBD1-2C88CAC9A100}"
EndProject
Project("{FAE04EC0-301F-11D3-BF4B-00C04F79EFBC}") = "Inspire.Erp.WebReport", "Inspire.Erp.WebReport\Inspire.Erp.WebReport.csproj", "{C94039D9-D34D-43D7-9F2B-2077F1557893}"
EndProject
Global
	GlobalSection(SolutionConfigurationPlatforms) = preSolution
		Debug|Any CPU = Debug|Any CPU
		Release|Any CPU = Release|Any CPU
	EndGlobalSection
	GlobalSection(ProjectConfigurationPlatforms) = postSolution
		{AED9D7FC-8AED-4E76-805C-13B3A96F44D5}.Debug|Any CPU.ActiveCfg = Debug|Any CPU
		{AED9D7FC-8AED-4E76-805C-13B3A96F44D5}.Debug|Any CPU.Build.0 = Debug|Any CPU
		{AED9D7FC-8AED-4E76-805C-13B3A96F44D5}.Release|Any CPU.ActiveCfg = Release|Any CPU
		{AED9D7FC-8AED-4E76-805C-13B3A96F44D5}.Release|Any CPU.Build.0 = Release|Any CPU
		{5F1D32B2-D2C5-44C4-86B3-A8AD96D6EC06}.Debug|Any CPU.ActiveCfg = Debug|Any CPU
		{5F1D32B2-D2C5-44C4-86B3-A8AD96D6EC06}.Debug|Any CPU.Build.0 = Debug|Any CPU
		{5F1D32B2-D2C5-44C4-86B3-A8AD96D6EC06}.Release|Any CPU.ActiveCfg = Release|Any CPU
		{5F1D32B2-D2C5-44C4-86B3-A8AD96D6EC06}.Release|Any CPU.Build.0 = Release|Any CPU
		{999A7153-7B55-4433-BC9A-9F63184EC3D4}.Debug|Any CPU.ActiveCfg = Debug|Any CPU
		{999A7153-7B55-4433-BC9A-9F63184EC3D4}.Debug|Any CPU.Build.0 = Debug|Any CPU
		{999A7153-7B55-4433-BC9A-9F63184EC3D4}.Release|Any CPU.ActiveCfg = Release|Any CPU
		{999A7153-7B55-4433-BC9A-9F63184EC3D4}.Release|Any CPU.Build.0 = Release|Any CPU
		{9B936940-2F21-4DA7-BBD1-2C88CAC9A100}.Debug|Any CPU.ActiveCfg = Debug|Any CPU
		{9B936940-2F21-4DA7-BBD1-2C88CAC9A100}.Debug|Any CPU.Build.0 = Debug|Any CPU
		{9B936940-2F21-4DA7-BBD1-2C88CAC9A100}.Release|Any CPU.ActiveCfg = Release|Any CPU
		{9B936940-2F21-4DA7-BBD1-2C88CAC9A100}.Release|Any CPU.Build.0 = Release|Any CPU
		{C94039D9-D34D-43D7-9F2B-2077F1557893}.Debug|Any CPU.ActiveCfg = Debug|Any CPU
		{C94039D9-D34D-43D7-9F2B-2077F1557893}.Debug|Any CPU.Build.0 = Debug|Any CPU
		{C94039D9-D34D-43D7-9F2B-2077F1557893}.Release|Any CPU.ActiveCfg = Release|Any CPU
		{C94039D9-D34D-43D7-9F2B-2077F1557893}.Release|Any CPU.Build.0 = Release|Any CPU
	EndGlobalSection
	GlobalSection(SolutionProperties) = preSolution
		HideSolutionNode = FALSE
	EndGlobalSection
	GlobalSection(ExtensibilityGlobals) = postSolution
		SolutionGuid = {6B09DC43-FECE-4AC8-A65B-D75C96783F25}
	EndGlobalSection
EndGlobal
